
Microsoft Visual Studio Solution File, Format Version 12.00
# Visual Studio Version 16
VisualStudioVersion = 16.0.30523.141
MinimumVisualStudioVersion = 10.0.40219.1
Project("{FAE04EC0-301F-11D3-BF4B-00C04F79EFBC}") = "DockerManager.Server", "DockerManager\Server\DockerManager.Server.csproj", "{911C826C-B8AD-4494-B213-336E1FE65E7E}"
EndProject
Project("{FAE04EC0-301F-11D3-BF4B-00C04F79EFBC}") = "DockerManager.Client", "DockerManager\Client\DockerManager.Client.csproj", "{46B1121C-8A46-43F9-B46D-4C8E1F04F475}"
EndProject
Project("{FAE04EC0-301F-11D3-BF4B-00C04F79EFBC}") = "DockerManager.Shared", "DockerManager\Shared\DockerManager.Shared.csproj", "{DCE06B1F-FE8E-465B-8A64-E0C1BE69868F}"
EndProject
Global
	GlobalSection(SolutionConfigurationPlatforms) = preSolution
		Debug|Any CPU = Debug|Any CPU
		Release|Any CPU = Release|Any CPU
	EndGlobalSection
	GlobalSection(ProjectConfigurationPlatforms) = postSolution
		{911C826C-B8AD-4494-B213-336E1FE65E7E}.Debug|Any CPU.ActiveCfg = Debug|Any CPU
		{911C826C-B8AD-4494-B213-336E1FE65E7E}.Debug|Any CPU.Build.0 = Debug|Any CPU
		{911C826C-B8AD-4494-B213-336E1FE65E7E}.Release|Any CPU.ActiveCfg = Release|Any CPU
		{911C826C-B8AD-4494-B213-336E1FE65E7E}.Release|Any CPU.Build.0 = Release|Any CPU
		{46B1121C-8A46-43F9-B46D-4C8E1F04F475}.Debug|Any CPU.ActiveCfg = Debug|Any CPU
		{46B1121C-8A46-43F9-B46D-4C8E1F04F475}.Debug|Any CPU.Build.0 = Debug|Any CPU
		{46B1121C-8A46-43F9-B46D-4C8E1F04F475}.Release|Any CPU.ActiveCfg = Release|Any CPU
		{46B1121C-8A46-43F9-B46D-4C8E1F04F475}.Release|Any CPU.Build.0 = Release|Any CPU
		{DCE06B1F-FE8E-465B-8A64-E0C1BE69868F}.Debug|Any CPU.ActiveCfg = Debug|Any CPU
		{DCE06B1F-FE8E-465B-8A64-E0C1BE69868F}.Debug|Any CPU.Build.0 = Debug|Any CPU
		{DCE06B1F-FE8E-465B-8A64-E0C1BE69868F}.Release|Any CPU.ActiveCfg = Release|Any CPU
		{DCE06B1F-FE8E-465B-8A64-E0C1BE69868F}.Release|Any CPU.Build.0 = Release|Any CPU
	EndGlobalSection
	GlobalSection(SolutionProperties) = preSolution
		HideSolutionNode = FALSE
	EndGlobalSection
	GlobalSection(ExtensibilityGlobals) = postSolution
		SolutionGuid = {C6715C19-C57A-46A3-A514-F57C62257101}
	EndGlobalSection
EndGlobal
